
Microsoft Visual Studio Solution File, Format Version 12.00
# Visual Studio 15
VisualStudioVersion = 15.0.28010.2050
MinimumVisualStudioVersion = 10.0.40219.1
Project("{8BC9CEB8-8B4A-11D0-8D11-00A0C91BC942}") = "Calculator", "Calculator.vcxproj", "{9E792AC7-4B9B-4EF2-9A49-3CD6FB5DC149}"
EndProject
Global
	GlobalSection(SolutionConfigurationPlatforms) = preSolution
		Debug|x64 = Debug|x64
		Debug|x86 = Debug|x86
		Release|x64 = Release|x64
		Release|x86 = Release|x86
	EndGlobalSection
	GlobalSection(ProjectConfigurationPlatforms) = postSolution
		{9E792AC7-4B9B-4EF2-9A49-3CD6FB5DC149}.Debug|x64.ActiveCfg = Debug|x64
		{9E792AC7-4B9B-4EF2-9A49-3CD6FB5DC149}.Debug|x64.Build.0 = Debug|x64
		{9E792AC7-4B9B-4EF2-9A49-3CD6FB5DC149}.Debug|x86.ActiveCfg = Debug|Win32
		{9E792AC7-4B9B-4EF2-9A49-3CD6FB5DC149}.Debug|x86.Build.0 = Debug|Win32
		{9E792AC7-4B9B-4EF2-9A49-3CD6FB5DC149}.Release|x64.ActiveCfg = Release|x64
		{9E792AC7-4B9B-4EF2-9A49-3CD6FB5DC149}.Release|x64.Build.0 = Release|x64
		{9E792AC7-4B9B-4EF2-9A49-3CD6FB5DC149}.Release|x86.ActiveCfg = Release|Win32
		{9E792AC7-4B9B-4EF2-9A49-3CD6FB5DC149}.Release|x86.Build.0 = Release|Win32
	EndGlobalSection
	GlobalSection(SolutionProperties) = preSolution
		HideSolutionNode = FALSE
	EndGlobalSection
	GlobalSection(ExtensibilityGlobals) = postSolution
		SolutionGuid = {3E0337BC-7643-4314-81FA-11608A59714A}
	EndGlobalSection
EndGlobal
